schema: '2.0'
stages:
  clean:
    cmd: python scripts/clean.py
    deps:
    - path: data/raw/events.csv
      hash: md5
      md5: 431ff8b1e99f6c5ac0a423d9e37ac2a9
      size: 73240
    - path: scripts/clean.py
      hash: md5
      md5: 170365e97d532f1a05dbab9e1247b982
      size: 841
    outs:
    - path: data/clean/events.csv
      hash: md5
      md5: 74819a0b519f48c0df300112cebe1993
      size: 57802
  transform:
    cmd: python scripts/transform.py
    deps:
    - path: data/clean/events.csv
      hash: md5
      md5: 74819a0b519f48c0df300112cebe1993
      size: 57802
    - path: scripts/transform.py
      hash: md5
      md5: ab95ace6d3f533268bd6b336273b1a42
      size: 393
    outs:
    - path: data/transformed/events.csv
      hash: md5
      md5: db1b8592e6ff077d2d7614950202e05a
      size: 75539
  features:
    cmd: python scripts/features.py
    deps:
    - path: data/transformed/events.csv
      hash: md5
      md5: db1b8592e6ff077d2d7614950202e05a
      size: 75539
    - path: scripts/features.py
      hash: md5
      md5: 856d0f759c43890d5a87da6399148d6b
      size: 470
    outs:
    - path: data/features/events.csv
      hash: md5
      md5: 0e19eb781a84c971a8cfe07f0a2524af
      size: 111561
